
Microsoft Visual Studio Solution File, Format Version 12.00
# Visual Studio Version 16
VisualStudioVersion = 16.0.31410.357
MinimumVisualStudioVersion = 10.0.40219.1
Project("{FAE04EC0-301F-11D3-BF4B-00C04F79EFBC}") = "CSharpLess", "CSharpLess\CSharpLess.csproj", "{DB63C0E0-EE05-4E12-9442-C2F076A6CFA5}"
EndProject
Global
	GlobalSection(SolutionConfigurationPlatforms) = preSolution
		Debug|Any CPU = Debug|Any CPU
		Release|Any CPU = Release|Any CPU
	EndGlobalSection
	GlobalSection(ProjectConfigurationPlatforms) = postSolution
		{DB63C0E0-EE05-4E12-9442-C2F076A6CFA5}.Debug|Any CPU.ActiveCfg = Debug|Any CPU
		{DB63C0E0-EE05-4E12-9442-C2F076A6CFA5}.Debug|Any CPU.Build.0 = Debug|Any CPU
		{DB63C0E0-EE05-4E12-9442-C2F076A6CFA5}.Release|Any CPU.ActiveCfg = Release|Any CPU
		{DB63C0E0-EE05-4E12-9442-C2F076A6CFA5}.Release|Any CPU.Build.0 = Release|Any CPU
	EndGlobalSection
	GlobalSection(SolutionProperties) = preSolution
		HideSolutionNode = FALSE
	EndGlobalSection
	GlobalSection(ExtensibilityGlobals) = postSolution
		SolutionGuid = {8E699088-D9E9-4582-8055-839D5414F7A0}
	EndGlobalSection
EndGlobal
